
Microsoft Visual Studio Solution File, Format Version 12.00
# Visual Studio Version 17
VisualStudioVersion = 17.11.35327.3
MinimumVisualStudioVersion = 10.0.40219.1
Project("{FAE04EC0-301F-11D3-BF4B-00C04F79EFBC}") = "NotKayitSistemi", "NotKayitSistemi\NotKayitSistemi.csproj", "{54E6AD0D-4D2E-4197-9497-0CDC45A5C42A}"
EndProject
Global
	GlobalSection(SolutionConfigurationPlatforms) = preSolution
		Debug|Any CPU = Debug|Any CPU
		Release|Any CPU = Release|Any CPU
	EndGlobalSection
	GlobalSection(ProjectConfigurationPlatforms) = postSolution
		{54E6AD0D-4D2E-4197-9497-0CDC45A5C42A}.Debug|Any CPU.ActiveCfg = Debug|Any CPU
		{54E6AD0D-4D2E-4197-9497-0CDC45A5C42A}.Debug|Any CPU.Build.0 = Debug|Any CPU
		{54E6AD0D-4D2E-4197-9497-0CDC45A5C42A}.Release|Any CPU.ActiveCfg = Release|Any CPU
		{54E6AD0D-4D2E-4197-9497-0CDC45A5C42A}.Release|Any CPU.Build.0 = Release|Any CPU
	EndGlobalSection
	GlobalSection(SolutionProperties) = preSolution
		HideSolutionNode = FALSE
	EndGlobalSection
	GlobalSection(ExtensibilityGlobals) = postSolution
		SolutionGuid = {F8E0CE82-E56F-433B-BE96-166298C7927C}
	EndGlobalSection
EndGlobal
